
Microsoft Visual Studio Solution File, Format Version 12.00
# Visual Studio 15
VisualStudioVersion = 15.0.28010.2050
MinimumVisualStudioVersion = 10.0.40219.1
Project("{2150E333-8FDC-42A3-9474-1A3956D46DE8}") = "1-Web", "1-Web", "{814181B4-F5D8-4359-BBCB-07FDD9942CD3}"
EndProject
Project("{2150E333-8FDC-42A3-9474-1A3956D46DE8}") = "2-Application", "2-Application", "{F028AED9-B899-4C4F-A11B-86D729C027D8}"
EndProject
Project("{2150E333-8FDC-42A3-9474-1A3956D46DE8}") = "3-Domain", "3-Domain", "{3F90918E-DCCA-4147-8556-9514A8AB286C}"
EndProject
Project("{2150E333-8FDC-42A3-9474-1A3956D46DE8}") = "5-Infrastructure", "5-Infrastructure", "{2DA408FB-472E-4C5F-AC00-3710C4BF1089}"
EndProject
Project("{2150E333-8FDC-42A3-9474-1A3956D46DE8}") = "4-Model", "4-Model", "{CD77FB03-40CC-41D6-A445-07A1F50CD1B2}"
EndProject
Project("{2150E333-8FDC-42A3-9474-1A3956D46DE8}") = "6-CrossCutting", "6-CrossCutting", "{76FA5423-4E79-410C-95B0-0650D753BDD7}"
EndProject
Project("{2150E333-8FDC-42A3-9474-1A3956D46DE8}") = "7-Core", "7-Core", "{FC36FCCF-9793-4BAE-98EF-2D6B89D9ED32}"
EndProject
Project("{9A19103F-16F7-4668-BE54-9A1E7A4F7556}") = "Solution.Web.App", "Web\App\Solution.Web.App.csproj", "{E4B89184-91A0-4459-AD81-7C5C32BBD861}"
EndProject
Project("{9A19103F-16F7-4668-BE54-9A1E7A4F7556}") = "Solution.Application.Applications", "Application\Applications\Solution.Application.Applications.csproj", "{DA961B98-E4B4-4AD5-AD08-571352087744}"
EndProject
Project("{9A19103F-16F7-4668-BE54-9A1E7A4F7556}") = "Solution.Application.Tests", "Application\Tests\Solution.Application.Tests.csproj", "{FB954E87-9BE0-4027-BB8B-2A418ABB8EFD}"
EndProject
Project("{9A19103F-16F7-4668-BE54-9A1E7A4F7556}") = "Solution.Domain.Domains", "Domain\Domains\Solution.Domain.Domains.csproj", "{C50E9191-3FC1-4AB2-8C6B-8E5B86A632AC}"
EndProject
Project("{9A19103F-16F7-4668-BE54-9A1E7A4F7556}") = "Solution.Domain.Tests", "Domain\Tests\Solution.Domain.Tests.csproj", "{78557D51-1754-4AB1-8B04-B6D871F9D099}"
EndProject
Project("{9A19103F-16F7-4668-BE54-9A1E7A4F7556}") = "Solution.Model.Entities", "Model\Entities\Solution.Model.Entities.csproj", "{1B425A1B-BC90-4916-A391-5CA6F6663864}"
EndProject
Project("{9A19103F-16F7-4668-BE54-9A1E7A4F7556}") = "Solution.Model.Enums", "Model\Enums\Solution.Model.Enums.csproj", "{AAB3CF43-7F7F-4179-81F5-62C6E25BEAB4}"
EndProject
Project("{9A19103F-16F7-4668-BE54-9A1E7A4F7556}") = "Solution.Model.Models", "Model\Models\Solution.Model.Models.csproj", "{7377013D-2BBB-4052-9238-37379F354B0D}"
EndProject
Project("{9A19103F-16F7-4668-BE54-9A1E7A4F7556}") = "Solution.Model.Validators", "Model\Validators\Solution.Model.Validators.csproj", "{FD4B28E3-E8C2-4319-AE1A-0BA58A293F6B}"
EndProject
Project("{9A19103F-16F7-4668-BE54-9A1E7A4F7556}") = "Solution.Infrastructure.Database", "Infrastructure\Database\Solution.Infrastructure.Database.csproj", "{029248B9-2030-4AFC-9E19-147C2AEB3F2E}"
EndProject
Project("{9A19103F-16F7-4668-BE54-9A1E7A4F7556}") = "Solution.Infrastructure.Tests", "Infrastructure\Tests\Solution.Infrastructure.Tests.csproj", "{C835DF4F-3DE2-4061-849D-EFCF7437583D}"
EndProject
Project("{9A19103F-16F7-4668-BE54-9A1E7A4F7556}") = "Solution.CrossCutting.IoC", "CrossCutting\IoC\Solution.CrossCutting.IoC.csproj", "{9C0764AC-5F8F-4432-8B62-84A9809B7D2E}"
EndProject
Project("{9A19103F-16F7-4668-BE54-9A1E7A4F7556}") = "Solution.CrossCutting.Resources", "CrossCutting\Resources\Solution.CrossCutting.Resources.csproj", "{01B5EF58-844E-4BDD-BA9B-F6ED57633DB9}"
EndProject
Project("{9A19103F-16F7-4668-BE54-9A1E7A4F7556}") = "Solution.Core.AspNetCore", "Core\AspNetCore\Solution.Core.AspNetCore.csproj", "{27C8D1A4-A759-4CE4-B079-5254BA8FC602}"
EndProject
Project("{9A19103F-16F7-4668-BE54-9A1E7A4F7556}") = "Solution.Core.Databases", "Core\Databases\Solution.Core.Databases.csproj", "{5138324A-041B-4B02-B5CC-C0BA4B5B07E6}"
EndProject
Project("{9A19103F-16F7-4668-BE54-9A1E7A4F7556}") = "Solution.Core.EntityFrameworkCore", "Core\EntityFrameworkCore\Solution.Core.EntityFrameworkCore.csproj", "{8AE13AF5-509F-44CD-B581-C5F91AB6C9DE}"
EndProject
Project("{9A19103F-16F7-4668-BE54-9A1E7A4F7556}") = "Solution.Core.Extensions", "Core\Extensions\Solution.Core.Extensions.csproj", "{20A16A5D-3E53-4618-9998-0077D01270A9}"
EndProject
Project("{9A19103F-16F7-4668-BE54-9A1E7A4F7556}") = "Solution.Core.Logging", "Core\Logging\Solution.Core.Logging.csproj", "{75F4D91B-C651-4CFF-9AE1-C6DE5300043F}"
EndProject
Project("{9A19103F-16F7-4668-BE54-9A1E7A4F7556}") = "Solution.Core.Mapping", "Core\Mapping\Solution.Core.Mapping.csproj", "{01349C5E-98B1-4F3A-BE45-19385CC4D572}"
EndProject
Project("{9A19103F-16F7-4668-BE54-9A1E7A4F7556}") = "Solution.Core.MongoDB", "Core\MongoDB\Solution.Core.MongoDB.csproj", "{27DEA0D4-116A-4263-A4C6-4DC4C099CE21}"
EndProject
Project("{9A19103F-16F7-4668-BE54-9A1E7A4F7556}") = "Solution.Core.Objects", "Core\Objects\Solution.Core.Objects.csproj", "{10F88B71-0044-4FD5-880A-F8F8C5983023}"
EndProject
Project("{9A19103F-16F7-4668-BE54-9A1E7A4F7556}") = "Solution.Core.Security", "Core\Security\Solution.Core.Security.csproj", "{DB648B6C-8691-4C9E-9248-143030518056}"
EndProject
Project("{9A19103F-16F7-4668-BE54-9A1E7A4F7556}") = "Solution.Core.Validation", "Core\Validation\Solution.Core.Validation.csproj", "{767D3449-85F0-4AB3-BB1B-40C4A243F792}"
EndProject
Project("{2150E333-8FDC-42A3-9474-1A3956D46DE8}") = "Solution Items", "Solution Items", "{638F37D9-F16D-4775-B2C6-2C5EAE38D40F}"
	ProjectSection(SolutionItems) = preProject
		..\readme.md = ..\readme.md
	EndProjectSection
EndProject
Global
	GlobalSection(SolutionConfigurationPlatforms) = preSolution
		Debug|Any CPU = Debug|Any CPU
		Release|Any CPU = Release|Any CPU
	EndGlobalSection
	GlobalSection(ProjectConfigurationPlatforms) = postSolution
		{E4B89184-91A0-4459-AD81-7C5C32BBD861}.Debug|Any CPU.ActiveCfg = Debug|Any CPU
		{E4B89184-91A0-4459-AD81-7C5C32BBD861}.Debug|Any CPU.Build.0 = Debug|Any CPU
		{E4B89184-91A0-4459-AD81-7C5C32BBD861}.Release|Any CPU.ActiveCfg = Release|Any CPU
		{E4B89184-91A0-4459-AD81-7C5C32BBD861}.Release|Any CPU.Build.0 = Release|Any CPU
		{DA961B98-E4B4-4AD5-AD08-571352087744}.Debug|Any CPU.ActiveCfg = Debug|Any CPU
		{DA961B98-E4B4-4AD5-AD08-571352087744}.Debug|Any CPU.Build.0 = Debug|Any CPU
		{DA961B98-E4B4-4AD5-AD08-571352087744}.Release|Any CPU.ActiveCfg = Release|Any CPU
		{DA961B98-E4B4-4AD5-AD08-571352087744}.Release|Any CPU.Build.0 = Release|Any CPU
		{FB954E87-9BE0-4027-BB8B-2A418ABB8EFD}.Debug|Any CPU.ActiveCfg = Debug|Any CPU
		{FB954E87-9BE0-4027-BB8B-2A418ABB8EFD}.Debug|Any CPU.Build.0 = Debug|Any CPU
		{FB954E87-9BE0-4027-BB8B-2A418ABB8EFD}.Release|Any CPU.ActiveCfg = Release|Any CPU
		{FB954E87-9BE0-4027-BB8B-2A418ABB8EFD}.Release|Any CPU.Build.0 = Release|Any CPU
		{C50E9191-3FC1-4AB2-8C6B-8E5B86A632AC}.Debug|Any CPU.ActiveCfg = Debug|Any CPU
		{C50E9191-3FC1-4AB2-8C6B-8E5B86A632AC}.Debug|Any CPU.Build.0 = Debug|Any CPU
		{C50E9191-3FC1-4AB2-8C6B-8E5B86A632AC}.Release|Any CPU.ActiveCfg = Release|Any CPU
		{C50E9191-3FC1-4AB2-8C6B-8E5B86A632AC}.Release|Any CPU.Build.0 = Release|Any CPU
		{78557D51-1754-4AB1-8B04-B6D871F9D099}.Debug|Any CPU.ActiveCfg = Debug|Any CPU
		{78557D51-1754-4AB1-8B04-B6D871F9D099}.Debug|Any CPU.Build.0 = Debug|Any CPU
		{78557D51-1754-4AB1-8B04-B6D871F9D099}.Release|Any CPU.ActiveCfg = Release|Any CPU
		{78557D51-1754-4AB1-8B04-B6D871F9D099}.Release|Any CPU.Build.0 = Release|Any CPU
		{1B425A1B-BC90-4916-A391-5CA6F6663864}.Debug|Any CPU.ActiveCfg = Debug|Any CPU
		{1B425A1B-BC90-4916-A391-5CA6F6663864}.Debug|Any CPU.Build.0 = Debug|Any CPU
		{1B425A1B-BC90-4916-A391-5CA6F6663864}.Release|Any CPU.ActiveCfg = Release|Any CPU
		{1B425A1B-BC90-4916-A391-5CA6F6663864}.Release|Any CPU.Build.0 = Release|Any CPU
		{AAB3CF43-7F7F-4179-81F5-62C6E25BEAB4}.Debug|Any CPU.ActiveCfg = Debug|Any CPU
		{AAB3CF43-7F7F-4179-81F5-62C6E25BEAB4}.Debug|Any CPU.Build.0 = Debug|Any CPU
		{AAB3CF43-7F7F-4179-81F5-62C6E25BEAB4}.Release|Any CPU.ActiveCfg = Release|Any CPU
		{AAB3CF43-7F7F-4179-81F5-62C6E25BEAB4}.Release|Any CPU.Build.0 = Release|Any CPU
		{7377013D-2BBB-4052-9238-37379F354B0D}.Debug|Any CPU.ActiveCfg = Debug|Any CPU
		{7377013D-2BBB-4052-9238-37379F354B0D}.Debug|Any CPU.Build.0 = Debug|Any CPU
		{7377013D-2BBB-4052-9238-37379F354B0D}.Release|Any CPU.ActiveCfg = Release|Any CPU
		{7377013D-2BBB-4052-9238-37379F354B0D}.Release|Any CPU.Build.0 = Release|Any CPU
		{FD4B28E3-E8C2-4319-AE1A-0BA58A293F6B}.Debug|Any CPU.ActiveCfg = Debug|Any CPU
		{FD4B28E3-E8C2-4319-AE1A-0BA58A293F6B}.Debug|Any CPU.Build.0 = Debug|Any CPU
		{FD4B28E3-E8C2-4319-AE1A-0BA58A293F6B}.Release|Any CPU.ActiveCfg = Release|Any CPU
		{FD4B28E3-E8C2-4319-AE1A-0BA58A293F6B}.Release|Any CPU.Build.0 = Release|Any CPU
		{029248B9-2030-4AFC-9E19-147C2AEB3F2E}.Debug|Any CPU.ActiveCfg = Debug|Any CPU
		{029248B9-2030-4AFC-9E19-147C2AEB3F2E}.Debug|Any CPU.Build.0 = Debug|Any CPU
		{029248B9-2030-4AFC-9E19-147C2AEB3F2E}.Release|Any CPU.ActiveCfg = Release|Any CPU
		{029248B9-2030-4AFC-9E19-147C2AEB3F2E}.Release|Any CPU.Build.0 = Release|Any CPU
		{C835DF4F-3DE2-4061-849D-EFCF7437583D}.Debug|Any CPU.ActiveCfg = Debug|Any CPU
		{C835DF4F-3DE2-4061-849D-EFCF7437583D}.Debug|Any CPU.Build.0 = Debug|Any CPU
		{C835DF4F-3DE2-4061-849D-EFCF7437583D}.Release|Any CPU.ActiveCfg = Release|Any CPU
		{C835DF4F-3DE2-4061-849D-EFCF7437583D}.Release|Any CPU.Build.0 = Release|Any CPU
		{9C0764AC-5F8F-4432-8B62-84A9809B7D2E}.Debug|Any CPU.ActiveCfg = Debug|Any CPU
		{9C0764AC-5F8F-4432-8B62-84A9809B7D2E}.Debug|Any CPU.Build.0 = Debug|Any CPU
		{9C0764AC-5F8F-4432-8B62-84A9809B7D2E}.Release|Any CPU.ActiveCfg = Release|Any CPU
		{9C0764AC-5F8F-4432-8B62-84A9809B7D2E}.Release|Any CPU.Build.0 = Release|Any CPU
		{01B5EF58-844E-4BDD-BA9B-F6ED57633DB9}.Debug|Any CPU.ActiveCfg = Debug|Any CPU
		{01B5EF58-844E-4BDD-BA9B-F6ED57633DB9}.Debug|Any CPU.Build.0 = Debug|Any CPU
		{01B5EF58-844E-4BDD-BA9B-F6ED57633DB9}.Release|Any CPU.ActiveCfg = Release|Any CPU
		{01B5EF58-844E-4BDD-BA9B-F6ED57633DB9}.Release|Any CPU.Build.0 = Release|Any CPU
		{27C8D1A4-A759-4CE4-B079-5254BA8FC602}.Debug|Any CPU.ActiveCfg = Debug|Any CPU
		{27C8D1A4-A759-4CE4-B079-5254BA8FC602}.Debug|Any CPU.Build.0 = Debug|Any CPU
		{27C8D1A4-A759-4CE4-B079-5254BA8FC602}.Release|Any CPU.ActiveCfg = Release|Any CPU
		{27C8D1A4-A759-4CE4-B079-5254BA8FC602}.Release|Any CPU.Build.0 = Release|Any CPU
		{5138324A-041B-4B02-B5CC-C0BA4B5B07E6}.Debug|Any CPU.ActiveCfg = Debug|Any CPU
		{5138324A-041B-4B02-B5CC-C0BA4B5B07E6}.Debug|Any CPU.Build.0 = Debug|Any CPU
		{5138324A-041B-4B02-B5CC-C0BA4B5B07E6}.Release|Any CPU.ActiveCfg = Release|Any CPU
		{5138324A-041B-4B02-B5CC-C0BA4B5B07E6}.Release|Any CPU.Build.0 = Release|Any CPU
		{8AE13AF5-509F-44CD-B581-C5F91AB6C9DE}.Debug|Any CPU.ActiveCfg = Debug|Any CPU
		{8AE13AF5-509F-44CD-B581-C5F91AB6C9DE}.Debug|Any CPU.Build.0 = Debug|Any CPU
		{8AE13AF5-509F-44CD-B581-C5F91AB6C9DE}.Release|Any CPU.ActiveCfg = Release|Any CPU
		{8AE13AF5-509F-44CD-B581-C5F91AB6C9DE}.Release|Any CPU.Build.0 = Release|Any CPU
		{20A16A5D-3E53-4618-9998-0077D01270A9}.Debug|Any CPU.ActiveCfg = Debug|Any CPU
		{20A16A5D-3E53-4618-9998-0077D01270A9}.Debug|Any CPU.Build.0 = Debug|Any CPU
		{20A16A5D-3E53-4618-9998-0077D01270A9}.Release|Any CPU.ActiveCfg = Release|Any CPU
		{20A16A5D-3E53-4618-9998-0077D01270A9}.Release|Any CPU.Build.0 = Release|Any CPU
		{75F4D91B-C651-4CFF-9AE1-C6DE5300043F}.Debug|Any CPU.ActiveCfg = Debug|Any CPU
		{75F4D91B-C651-4CFF-9AE1-C6DE5300043F}.Debug|Any CPU.Build.0 = Debug|Any CPU
		{75F4D91B-C651-4CFF-9AE1-C6DE5300043F}.Release|Any CPU.ActiveCfg = Release|Any CPU
		{75F4D91B-C651-4CFF-9AE1-C6DE5300043F}.Release|Any CPU.Build.0 = Release|Any CPU
		{01349C5E-98B1-4F3A-BE45-19385CC4D572}.Debug|Any CPU.ActiveCfg = Debug|Any CPU
		{01349C5E-98B1-4F3A-BE45-19385CC4D572}.Debug|Any CPU.Build.0 = Debug|Any CPU
		{01349C5E-98B1-4F3A-BE45-19385CC4D572}.Release|Any CPU.ActiveCfg = Release|Any CPU
		{01349C5E-98B1-4F3A-BE45-19385CC4D572}.Release|Any CPU.Build.0 = Release|Any CPU
		{27DEA0D4-116A-4263-A4C6-4DC4C099CE21}.Debug|Any CPU.ActiveCfg = Debug|Any CPU
		{27DEA0D4-116A-4263-A4C6-4DC4C099CE21}.Debug|Any CPU.Build.0 = Debug|Any CPU
		{27DEA0D4-116A-4263-A4C6-4DC4C099CE21}.Release|Any CPU.ActiveCfg = Release|Any CPU
		{27DEA0D4-116A-4263-A4C6-4DC4C099CE21}.Release|Any CPU.Build.0 = Release|Any CPU
		{10F88B71-0044-4FD5-880A-F8F8C5983023}.Debug|Any CPU.ActiveCfg = Debug|Any CPU
		{10F88B71-0044-4FD5-880A-F8F8C5983023}.Debug|Any CPU.Build.0 = Debug|Any CPU
		{10F88B71-0044-4FD5-880A-F8F8C5983023}.Release|Any CPU.ActiveCfg = Release|Any CPU
		{10F88B71-0044-4FD5-880A-F8F8C5983023}.Release|Any CPU.Build.0 = Release|Any CPU
		{DB648B6C-8691-4C9E-9248-143030518056}.Debug|Any CPU.ActiveCfg = Debug|Any CPU
		{DB648B6C-8691-4C9E-9248-143030518056}.Debug|Any CPU.Build.0 = Debug|Any CPU
		{DB648B6C-8691-4C9E-9248-143030518056}.Release|Any CPU.ActiveCfg = Release|Any CPU
		{DB648B6C-8691-4C9E-9248-143030518056}.Release|Any CPU.Build.0 = Release|Any CPU
		{767D3449-85F0-4AB3-BB1B-40C4A243F792}.Debug|Any CPU.ActiveCfg = Debug|Any CPU
		{767D3449-85F0-4AB3-BB1B-40C4A243F792}.Debug|Any CPU.Build.0 = Debug|Any CPU
		{767D3449-85F0-4AB3-BB1B-40C4A243F792}.Release|Any CPU.ActiveCfg = Release|Any CPU
		{767D3449-85F0-4AB3-BB1B-40C4A243F792}.Release|Any CPU.Build.0 = Release|Any CPU
	EndGlobalSection
	GlobalSection(SolutionProperties) = preSolution
		HideSolutionNode = FALSE
	EndGlobalSection
	GlobalSection(NestedProjects) = preSolution
		{E4B89184-91A0-4459-AD81-7C5C32BBD861} = {814181B4-F5D8-4359-BBCB-07FDD9942CD3}
		{DA961B98-E4B4-4AD5-AD08-571352087744} = {F028AED9-B899-4C4F-A11B-86D729C027D8}
		{FB954E87-9BE0-4027-BB8B-2A418ABB8EFD} = {F028AED9-B899-4C4F-A11B-86D729C027D8}
		{C50E9191-3FC1-4AB2-8C6B-8E5B86A632AC} = {3F90918E-DCCA-4147-8556-9514A8AB286C}
		{78557D51-1754-4AB1-8B04-B6D871F9D099} = {3F90918E-DCCA-4147-8556-9514A8AB286C}
		{1B425A1B-BC90-4916-A391-5CA6F6663864} = {CD77FB03-40CC-41D6-A445-07A1F50CD1B2}
		{AAB3CF43-7F7F-4179-81F5-62C6E25BEAB4} = {CD77FB03-40CC-41D6-A445-07A1F50CD1B2}
		{7377013D-2BBB-4052-9238-37379F354B0D} = {CD77FB03-40CC-41D6-A445-07A1F50CD1B2}
		{FD4B28E3-E8C2-4319-AE1A-0BA58A293F6B} = {CD77FB03-40CC-41D6-A445-07A1F50CD1B2}
		{029248B9-2030-4AFC-9E19-147C2AEB3F2E} = {2DA408FB-472E-4C5F-AC00-3710C4BF1089}
		{C835DF4F-3DE2-4061-849D-EFCF7437583D} = {2DA408FB-472E-4C5F-AC00-3710C4BF1089}
		{9C0764AC-5F8F-4432-8B62-84A9809B7D2E} = {76FA5423-4E79-410C-95B0-0650D753BDD7}
		{01B5EF58-844E-4BDD-BA9B-F6ED57633DB9} = {76FA5423-4E79-410C-95B0-0650D753BDD7}
		{27C8D1A4-A759-4CE4-B079-5254BA8FC602} = {FC36FCCF-9793-4BAE-98EF-2D6B89D9ED32}
		{5138324A-041B-4B02-B5CC-C0BA4B5B07E6} = {FC36FCCF-9793-4BAE-98EF-2D6B89D9ED32}
		{8AE13AF5-509F-44CD-B581-C5F91AB6C9DE} = {FC36FCCF-9793-4BAE-98EF-2D6B89D9ED32}
		{20A16A5D-3E53-4618-9998-0077D01270A9} = {FC36FCCF-9793-4BAE-98EF-2D6B89D9ED32}
		{75F4D91B-C651-4CFF-9AE1-C6DE5300043F} = {FC36FCCF-9793-4BAE-98EF-2D6B89D9ED32}
		{01349C5E-98B1-4F3A-BE45-19385CC4D572} = {FC36FCCF-9793-4BAE-98EF-2D6B89D9ED32}
		{27DEA0D4-116A-4263-A4C6-4DC4C099CE21} = {FC36FCCF-9793-4BAE-98EF-2D6B89D9ED32}
		{10F88B71-0044-4FD5-880A-F8F8C5983023} = {FC36FCCF-9793-4BAE-98EF-2D6B89D9ED32}
		{DB648B6C-8691-4C9E-9248-143030518056} = {FC36FCCF-9793-4BAE-98EF-2D6B89D9ED32}
		{767D3449-85F0-4AB3-BB1B-40C4A243F792} = {FC36FCCF-9793-4BAE-98EF-2D6B89D9ED32}
	EndGlobalSection
	GlobalSection(ExtensibilityGlobals) = postSolution
		SolutionGuid = {0B8255C4-5618-4F4C-B5CD-B92A627C7AB4}
	EndGlobalSection
EndGlobal
